
Microsoft Visual Studio Solution File, Format Version 12.00
# Visual Studio Version 17
VisualStudioVersion = 17.9.34616.47
MinimumVisualStudioVersion = 10.0.40219.1
Project("{FAE04EC0-301F-11D3-BF4B-00C04F79EFBC}") = "Q6(SimpleCalculator)", "Q6(SimpleCalculator)\Q6(SimpleCalculator).csproj", "{7FF14453-95F9-4DCF-98E8-E1B6C48032DD}"
EndProject
Global
	GlobalSection(SolutionConfigurationPlatforms) = preSolution
		Debug|Any CPU = Debug|Any CPU
		Release|Any CPU = Release|Any CPU
	EndGlobalSection
	GlobalSection(ProjectConfigurationPlatforms) = postSolution
		{7FF14453-95F9-4DCF-98E8-E1B6C48032DD}.Debug|Any CPU.ActiveCfg = Debug|Any CPU
		{7FF14453-95F9-4DCF-98E8-E1B6C48032DD}.Debug|Any CPU.Build.0 = Debug|Any CPU
		{7FF14453-95F9-4DCF-98E8-E1B6C48032DD}.Release|Any CPU.ActiveCfg = Release|Any CPU
		{7FF14453-95F9-4DCF-98E8-E1B6C48032DD}.Release|Any CPU.Build.0 = Release|Any CPU
	EndGlobalSection
	GlobalSection(SolutionProperties) = preSolution
		HideSolutionNode = FALSE
	EndGlobalSection
	GlobalSection(ExtensibilityGlobals) = postSolution
		SolutionGuid = {B7543AA9-AFD0-4CCC-83FF-E63760687546}
	EndGlobalSection
EndGlobal
