
Microsoft Visual Studio Solution File, Format Version 12.00
# Visual Studio Version 17
VisualStudioVersion = 17.9.34616.47
MinimumVisualStudioVersion = 10.0.40219.1
Project("{FAE04EC0-301F-11D3-BF4B-00C04F79EFBC}") = "Q5Validation", "Q5Validation\Q5Validation.csproj", "{0738F4CD-5D49-4151-805C-0F1C462EFF37}"
EndProject
Global
	GlobalSection(SolutionConfigurationPlatforms) = preSolution
		Debug|Any CPU = Debug|Any CPU
		Release|Any CPU = Release|Any CPU
	EndGlobalSection
	GlobalSection(ProjectConfigurationPlatforms) = postSolution
		{0738F4CD-5D49-4151-805C-0F1C462EFF37}.Debug|Any CPU.ActiveCfg = Debug|Any CPU
		{0738F4CD-5D49-4151-805C-0F1C462EFF37}.Debug|Any CPU.Build.0 = Debug|Any CPU
		{0738F4CD-5D49-4151-805C-0F1C462EFF37}.Release|Any CPU.ActiveCfg = Release|Any CPU
		{0738F4CD-5D49-4151-805C-0F1C462EFF37}.Release|Any CPU.Build.0 = Release|Any CPU
	EndGlobalSection
	GlobalSection(SolutionProperties) = preSolution
		HideSolutionNode = FALSE
	EndGlobalSection
	GlobalSection(ExtensibilityGlobals) = postSolution
		SolutionGuid = {222CD084-C616-47B1-B890-520E1B803B70}
	EndGlobalSection
EndGlobal
